
Microsoft Visual Studio Solution File, Format Version 12.00
# Visual Studio Version 16
VisualStudioVersion = 16.0.30225.117
MinimumVisualStudioVersion = 10.0.40219.1
Project("{FAE04EC0-301F-11D3-BF4B-00C04F79EFBC}") = "DrawBox", "DrawBox\DrawBox.csproj", "{C85870A7-C85B-4EAD-955C-0F70F696558C}"
EndProject
Project("{FAE04EC0-301F-11D3-BF4B-00C04F79EFBC}") = "ClassLibraryShape", "ClassLibraryShape\ClassLibraryShape.csproj", "{E1113A68-39F5-4B78-B203-682949F24AF2}"
EndProject
Global
	GlobalSection(SolutionConfigurationPlatforms) = preSolution
		Debug|Any CPU = Debug|Any CPU
		Release|Any CPU = Release|Any CPU
	EndGlobalSection
	GlobalSection(ProjectConfigurationPlatforms) = postSolution
		{C85870A7-C85B-4EAD-955C-0F70F696558C}.Debug|Any CPU.ActiveCfg = Debug|Any CPU
		{C85870A7-C85B-4EAD-955C-0F70F696558C}.Debug|Any CPU.Build.0 = Debug|Any CPU
		{C85870A7-C85B-4EAD-955C-0F70F696558C}.Release|Any CPU.ActiveCfg = Release|Any CPU
		{C85870A7-C85B-4EAD-955C-0F70F696558C}.Release|Any CPU.Build.0 = Release|Any CPU
		{E1113A68-39F5-4B78-B203-682949F24AF2}.Debug|Any CPU.ActiveCfg = Debug|Any CPU
		{E1113A68-39F5-4B78-B203-682949F24AF2}.Debug|Any CPU.Build.0 = Debug|Any CPU
		{E1113A68-39F5-4B78-B203-682949F24AF2}.Release|Any CPU.ActiveCfg = Release|Any CPU
		{E1113A68-39F5-4B78-B203-682949F24AF2}.Release|Any CPU.Build.0 = Release|Any CPU
	EndGlobalSection
	GlobalSection(SolutionProperties) = preSolution
		HideSolutionNode = FALSE
	EndGlobalSection
	GlobalSection(ExtensibilityGlobals) = postSolution
		SolutionGuid = {882A9307-7EB0-49F9-80D8-D419A0F4591C}
	EndGlobalSection
EndGlobal
